<?xml version="1.0" encoding="UTF-8"?>
<Scheme
   version = "1.3">
   <BuildAction>
      <BuildActionEntries>
         <BuildActionEntry
            buildForRunning = "YES">
            <BuildableReference
               BuildableIdentifier = "primary"
               BlueprintIdentifier = "06F7D31725A2FA3500EE64C8"
               BuildableName = "WeatherAppSwiftUI.app"
               BlueprintName = "WeatherAppSwiftUI"
               ReferencedContainer = "container:WeatherAppSwiftUI.xcodeproj">
            </BuildableReference>
         </BuildActionEntry>
      </BuildActionEntries>
   </BuildAction>
   <LaunchAction
      useCustomWorkingDirectory = "NO"
      buildConfiguration = "Debug"
      allowLocationSimulation = "YES">
      <BuildableProductRunnable>
         <BuildableReference
            BuildableIdentifier = "primary"
            BlueprintIdentifier = "06F7D31725A2FA3500EE64C8"
            BuildableName = "WeatherAppSwiftUI.app"
            BlueprintName = "WeatherAppSwiftUI"
            ReferencedContainer = "container:WeatherAppSwiftUI.xcodeproj">
         </BuildableReference>
      </BuildableProductRunnable>
   </LaunchAction>
</Scheme>
